
Microsoft Visual Studio Solution File, Format Version 12.00
# Visual Studio Version 16
VisualStudioVersion = 16.0.31624.102
MinimumVisualStudioVersion = 10.0.40219.1
Project("{FAE04EC0-301F-11D3-BF4B-00C04F79EFBC}") = "WindowsClose", "WindowsClose\WindowsClose.csproj", "{A08E8BD2-6F85-4962-81D1-85D66FC49EAA}"
EndProject
Global
	GlobalSection(SolutionConfigurationPlatforms) = preSolution
		Debug|Any CPU = Debug|Any CPU
		Release|Any CPU = Release|Any CPU
	EndGlobalSection
	GlobalSection(ProjectConfigurationPlatforms) = postSolution
		{A08E8BD2-6F85-4962-81D1-85D66FC49EAA}.Debug|Any CPU.ActiveCfg = Debug|Any CPU
		{A08E8BD2-6F85-4962-81D1-85D66FC49EAA}.Debug|Any CPU.Build.0 = Debug|Any CPU
		{A08E8BD2-6F85-4962-81D1-85D66FC49EAA}.Release|Any CPU.ActiveCfg = Release|Any CPU
		{A08E8BD2-6F85-4962-81D1-85D66FC49EAA}.Release|Any CPU.Build.0 = Release|Any CPU
	EndGlobalSection
	GlobalSection(SolutionProperties) = preSolution
		HideSolutionNode = FALSE
	EndGlobalSection
	GlobalSection(ExtensibilityGlobals) = postSolution
		SolutionGuid = {99B44C18-D524-43BF-8F98-49600A9B880B}
	EndGlobalSection
EndGlobal
